
Microsoft Visual Studio Solution File, Format Version 12.00
# Visual Studio Version 16
VisualStudioVersion = 16.0.30320.27
MinimumVisualStudioVersion = 10.0.40219.1
Project("{FAE04EC0-301F-11D3-BF4B-00C04F79EFBC}") = "GetMetadataRecursive", "GetMetadataRecursive\GetMetadataRecursive.csproj", "{6BB8AEE6-F7D4-469F-A3D3-4DC59E6D7A8D}"
EndProject
Global
	GlobalSection(SolutionConfigurationPlatforms) = preSolution
		Debug|Any CPU = Debug|Any CPU
		Release|Any CPU = Release|Any CPU
	EndGlobalSection
	GlobalSection(ProjectConfigurationPlatforms) = postSolution
		{6BB8AEE6-F7D4-469F-A3D3-4DC59E6D7A8D}.Debug|Any CPU.ActiveCfg = Debug|Any CPU
		{6BB8AEE6-F7D4-469F-A3D3-4DC59E6D7A8D}.Debug|Any CPU.Build.0 = Debug|Any CPU
		{6BB8AEE6-F7D4-469F-A3D3-4DC59E6D7A8D}.Release|Any CPU.ActiveCfg = Release|Any CPU
		{6BB8AEE6-F7D4-469F-A3D3-4DC59E6D7A8D}.Release|Any CPU.Build.0 = Release|Any CPU
	EndGlobalSection
	GlobalSection(SolutionProperties) = preSolution
		HideSolutionNode = FALSE
	EndGlobalSection
	GlobalSection(ExtensibilityGlobals) = postSolution
		SolutionGuid = {B8B45240-80B4-4260-9FEB-8645B863B4B9}
	EndGlobalSection
EndGlobal
