
Microsoft Visual Studio Solution File, Format Version 12.00
# Visual Studio Version 16
VisualStudioVersion = 16.0.29709.97
MinimumVisualStudioVersion = 10.0.40219.1
Project("{9A19103F-16F7-4668-BE54-9A1E7A4F7556}") = "AdfTests", "tests\AdfTests\AdfTests.csproj", "{03EF55DD-8219-4BF0-A148-AC9F269885A9}"
EndProject
Project("{00D1A9C2-B5F0-4AF3-8072-F6C62B433612}") = "AdfTestingDb", "data\AdfTestingDb\AdfTestingDb.sqlproj", "{CA8C7442-63B3-428D-99D1-9084BF777D31}"
EndProject
Project("{00D1A9C2-B5F0-4AF3-8072-F6C62B433612}") = "ExternalSystemDb", "data\ExternalSystemDb\ExternalSystemDb.sqlproj", "{50DD6A57-AC65-4A31-B352-E6E33F6558C5}"
EndProject
Project("{2150E333-8FDC-42A3-9474-1A3956D46DE8}") = "data", "data", "{E97DDCC0-030B-42DB-BD78-B3BA4BD05ADC}"
EndProject
Global
	GlobalSection(SolutionConfigurationPlatforms) = preSolution
		Debug|Any CPU = Debug|Any CPU
		Release|Any CPU = Release|Any CPU
	EndGlobalSection
	GlobalSection(ProjectConfigurationPlatforms) = postSolution
		{03EF55DD-8219-4BF0-A148-AC9F269885A9}.Debug|Any CPU.ActiveCfg = Debug|Any CPU
		{03EF55DD-8219-4BF0-A148-AC9F269885A9}.Debug|Any CPU.Build.0 = Debug|Any CPU
		{03EF55DD-8219-4BF0-A148-AC9F269885A9}.Release|Any CPU.ActiveCfg = Release|Any CPU
		{03EF55DD-8219-4BF0-A148-AC9F269885A9}.Release|Any CPU.Build.0 = Release|Any CPU
		{CA8C7442-63B3-428D-99D1-9084BF777D31}.Debug|Any CPU.ActiveCfg = Debug|Any CPU
		{CA8C7442-63B3-428D-99D1-9084BF777D31}.Debug|Any CPU.Build.0 = Debug|Any CPU
		{CA8C7442-63B3-428D-99D1-9084BF777D31}.Debug|Any CPU.Deploy.0 = Debug|Any CPU
		{CA8C7442-63B3-428D-99D1-9084BF777D31}.Release|Any CPU.ActiveCfg = Release|Any CPU
		{CA8C7442-63B3-428D-99D1-9084BF777D31}.Release|Any CPU.Build.0 = Release|Any CPU
		{CA8C7442-63B3-428D-99D1-9084BF777D31}.Release|Any CPU.Deploy.0 = Release|Any CPU
		{50DD6A57-AC65-4A31-B352-E6E33F6558C5}.Debug|Any CPU.ActiveCfg = Debug|Any CPU
		{50DD6A57-AC65-4A31-B352-E6E33F6558C5}.Debug|Any CPU.Build.0 = Debug|Any CPU
		{50DD6A57-AC65-4A31-B352-E6E33F6558C5}.Debug|Any CPU.Deploy.0 = Debug|Any CPU
		{50DD6A57-AC65-4A31-B352-E6E33F6558C5}.Release|Any CPU.ActiveCfg = Release|Any CPU
		{50DD6A57-AC65-4A31-B352-E6E33F6558C5}.Release|Any CPU.Build.0 = Release|Any CPU
		{50DD6A57-AC65-4A31-B352-E6E33F6558C5}.Release|Any CPU.Deploy.0 = Release|Any CPU
	EndGlobalSection
	GlobalSection(SolutionProperties) = preSolution
		HideSolutionNode = FALSE
	EndGlobalSection
	GlobalSection(NestedProjects) = preSolution
		{CA8C7442-63B3-428D-99D1-9084BF777D31} = {E97DDCC0-030B-42DB-BD78-B3BA4BD05ADC}
		{50DD6A57-AC65-4A31-B352-E6E33F6558C5} = {E97DDCC0-030B-42DB-BD78-B3BA4BD05ADC}
	EndGlobalSection
	GlobalSection(ExtensibilityGlobals) = postSolution
		SolutionGuid = {68F13FE0-C0EF-41E9-8692-0526FD3775F1}
	EndGlobalSection
EndGlobal
