
Microsoft Visual Studio Solution File, Format Version 12.00
# Visual Studio Version 16
VisualStudioVersion = 16.0.31005.135
MinimumVisualStudioVersion = 10.0.40219.1
Project("{9A19103F-16F7-4668-BE54-9A1E7A4F7556}") = "GetMetadata", "GetMetadata\GetMetadata.csproj", "{86B65FA5-91A4-457B-847F-F0E329F51644}"
EndProject
Project("{FAE04EC0-301F-11D3-BF4B-00C04F79EFBC}") = "GetMetadata.DevConsole", "GetMetadata.DevConsole\GetMetadata.DevConsole.csproj", "{4F613350-9E92-4058-9F31-8DEB5D76FE3A}"
EndProject
Global
	GlobalSection(SolutionConfigurationPlatforms) = preSolution
		Debug|Any CPU = Debug|Any CPU
		Release|Any CPU = Release|Any CPU
	EndGlobalSection
	GlobalSection(ProjectConfigurationPlatforms) = postSolution
		{86B65FA5-91A4-457B-847F-F0E329F51644}.Debug|Any CPU.ActiveCfg = Debug|Any CPU
		{86B65FA5-91A4-457B-847F-F0E329F51644}.Debug|Any CPU.Build.0 = Debug|Any CPU
		{86B65FA5-91A4-457B-847F-F0E329F51644}.Release|Any CPU.ActiveCfg = Release|Any CPU
		{86B65FA5-91A4-457B-847F-F0E329F51644}.Release|Any CPU.Build.0 = Release|Any CPU
		{4F613350-9E92-4058-9F31-8DEB5D76FE3A}.Debug|Any CPU.ActiveCfg = Debug|Any CPU
		{4F613350-9E92-4058-9F31-8DEB5D76FE3A}.Debug|Any CPU.Build.0 = Debug|Any CPU
		{4F613350-9E92-4058-9F31-8DEB5D76FE3A}.Release|Any CPU.ActiveCfg = Release|Any CPU
		{4F613350-9E92-4058-9F31-8DEB5D76FE3A}.Release|Any CPU.Build.0 = Release|Any CPU
	EndGlobalSection
	GlobalSection(SolutionProperties) = preSolution
		HideSolutionNode = FALSE
	EndGlobalSection
	GlobalSection(ExtensibilityGlobals) = postSolution
		SolutionGuid = {270A061D-39F9-453C-9840-E689F0B97A56}
	EndGlobalSection
EndGlobal
